// !$*UTF8*$!
{
	archiveVersion = 1;
	classes = {
	};
	objectVersion = 56;
	objects = {

/* Begin PBXBuildFile section */
		9C4571B32A87EA15003C641A /* RemoteFeedItem.swift in Sources */ = {isa = PBXBuildFile; fileRef = 9C4571B22A87EA15003C641A /* RemoteFeedItem.swift */; };
		9C49DDAD2A7D59160029CE22 /* HTTPClient.swift in Sources */ = {isa = PBXBuildFile; fileRef = 9C49DDAC2A7D59160029CE22 /* HTTPClient.swift */; };
		9C49DDAF2A7D597A0029CE22 /* FeedItemsMapper.swift in Sources */ = {isa = PBXBuildFile; fileRef = 9C49DDAE2A7D597A0029CE22 /* FeedItemsMapper.swift */; };
		9C4CC6DD2A85CE78007696DF /* LocalFeedLoader.swift in Sources */ = {isa = PBXBuildFile; fileRef = 9C4CC6DC2A85CE78007696DF /* LocalFeedLoader.swift */; };
		9C4CC6DF2A85CF4F007696DF /* FeedStore.swift in Sources */ = {isa = PBXBuildFile; fileRef = 9C4CC6DE2A85CF4F007696DF /* FeedStore.swift */; };
		9C51A5082A7AC8D200EA741C /* RemoteFeedLoader.swift in Sources */ = {isa = PBXBuildFile; fileRef = 9C51A5072A7AC8D200EA741C /* RemoteFeedLoader.swift */; };
		9C5257F52A81CC3B00E38017 /* EssentialFeedAPIEndToEndTests.swift in Sources */ = {isa = PBXBuildFile; fileRef = 9C5257F42A81CC3B00E38017 /* EssentialFeedAPIEndToEndTests.swift */; };
		9C5257F62A81CC3B00E38017 /* EssentialFeed.framework in Frameworks */ = {isa = PBXBuildFile; fileRef = 9CC3F1A92A72F6100034E05B /* EssentialFeed.framework */; };
		9C5257FD2A81D8AC00E38017 /* XCTestCase+MemoryLeakTracking.swift in Sources */ = {isa = PBXBuildFile; fileRef = 9CD34DB22A8006740004E617 /* XCTestCase+MemoryLeakTracking.swift */; };
		9C5405692A849B2900F13819 /* CacheFeedUseCaseTests.swift in Sources */ = {isa = PBXBuildFile; fileRef = 9C5405682A849B2900F13819 /* CacheFeedUseCaseTests.swift */; };
		9C60BF202A7EE6710022B675 /* URLSessionHTTPClientTests.swift in Sources */ = {isa = PBXBuildFile; fileRef = 9C60BF1F2A7EE6710022B675 /* URLSessionHTTPClientTests.swift */; };
		9CC3F1AD2A72F6100034E05B /* EssentialFeed.h in Headers */ = {isa = PBXBuildFile; fileRef = 9CC3F1AC2A72F6100034E05B /* EssentialFeed.h */; settings = {ATTRIBUTES = (Public, ); }; };
		9CC3F1B42A72F62F0034E05B /* FeedItem.swift in Sources */ = {isa = PBXBuildFile; fileRef = 9CC3F1B32A72F62F0034E05B /* FeedItem.swift */; };
		9CC3F1B62A72F6C30034E05B /* FeedLoader.swift in Sources */ = {isa = PBXBuildFile; fileRef = 9CC3F1B52A72F6C30034E05B /* FeedLoader.swift */; };
		9CC3F1BF2A72F85F0034E05B /* LoadFeedFromRemoteUseCaseTests.swift in Sources */ = {isa = PBXBuildFile; fileRef = 9CC3F1BE2A72F85F0034E05B /* LoadFeedFromRemoteUseCaseTests.swift */; };
		9CC3F1C02A72F85F0034E05B /* EssentialFeed.framework in Frameworks */ = {isa = PBXBuildFile; fileRef = 9CC3F1A92A72F6100034E05B /* EssentialFeed.framework */; };
		9CD34DB32A8006740004E617 /* XCTestCase+MemoryLeakTracking.swift in Sources */ = {isa = PBXBuildFile; fileRef = 9CD34DB22A8006740004E617 /* XCTestCase+MemoryLeakTracking.swift */; };
		9CD34DB52A801CC30004E617 /* URLSessionHTTPClient.swift in Sources */ = {isa = PBXBuildFile; fileRef = 9CD34DB42A801CC30004E617 /* URLSessionHTTPClient.swift */; };
/* End PBXBuildFile section */

/* Begin PBXContainerItemProxy section */
		9C5257F72A81CC3B00E38017 /* PBXContainerItemProxy */ = {
			isa = PBXContainerItemProxy;
			containerPortal = 9CC3F1A02A72F6100034E05B /* Project object */;
			proxyType = 1;
			remoteGlobalIDString = 9CC3F1A82A72F6100034E05B;
			remoteInfo = EssentialFeed;
		};
		9CC3F1C12A72F85F0034E05B /* PBXContainerItemProxy */ = {
			isa = PBXContainerItemProxy;
			containerPortal = 9CC3F1A02A72F6100034E05B /* Project object */;
			proxyType = 1;
			remoteGlobalIDString = 9CC3F1A82A72F6100034E05B;
			remoteInfo = EssentialFeed;
		};
/* End PBXContainerItemProxy section */

/* Begin PBXFileReference section */
		9C4571B22A87EA15003C641A /* RemoteFeedItem.swift */ = {isa = PBXFileReference; lastKnownFileType = sourcecode.swift; path = RemoteFeedItem.swift; sourceTree = "<group>"; };
		9C49DDAC2A7D59160029CE22 /* HTTPClient.swift */ = {isa = PBXFileReference; lastKnownFileType = sourcecode.swift; path = HTTPClient.swift; sourceTree = "<group>"; };
		9C49DDAE2A7D597A0029CE22 /* FeedItemsMapper.swift */ = {isa = PBXFileReference; lastKnownFileType = sourcecode.swift; path = FeedItemsMapper.swift; sourceTree = "<group>"; };
		9C4CC6DC2A85CE78007696DF /* LocalFeedLoader.swift */ = {isa = PBXFileReference; lastKnownFileType = sourcecode.swift; path = LocalFeedLoader.swift; sourceTree = "<group>"; };
		9C4CC6DE2A85CF4F007696DF /* FeedStore.swift */ = {isa = PBXFileReference; lastKnownFileType = sourcecode.swift; path = FeedStore.swift; sourceTree = "<group>"; };
		9C51A5072A7AC8D200EA741C /* RemoteFeedLoader.swift */ = {isa = PBXFileReference; lastKnownFileType = sourcecode.swift; path = RemoteFeedLoader.swift; sourceTree = "<group>"; };
		9C5257ED2A81CA7200E38017 /* EssentialFeedTestPlan.xctestplan */ = {isa = PBXFileReference; lastKnownFileType = text; path = EssentialFeedTestPlan.xctestplan; sourceTree = "<group>"; };
		9C5257F22A81CC3B00E38017 /* EssentialFeedAPIEndToEndTests.xctest */ = {isa = PBXFileReference; explicitFileType = wrapper.cfbundle; includeInIndex = 0; path = EssentialFeedAPIEndToEndTests.xctest; sourceTree = BUILT_PRODUCTS_DIR; };
		9C5257F42A81CC3B00E38017 /* EssentialFeedAPIEndToEndTests.swift */ = {isa = PBXFileReference; lastKnownFileType = sourcecode.swift; path = EssentialFeedAPIEndToEndTests.swift; sourceTree = "<group>"; };
		9C5257FC2A81CE5B00E38017 /* EssentialFeedAPIEndToEndTestPlan.xctestplan */ = {isa = PBXFileReference; lastKnownFileType = text; path = EssentialFeedAPIEndToEndTestPlan.xctestplan; sourceTree = "<group>"; };
		9C5257FE2A81DBF700E38017 /* CIPlan.xctestplan */ = {isa = PBXFileReference; lastKnownFileType = text; path = CIPlan.xctestplan; sourceTree = "<group>"; };
		9C5405682A849B2900F13819 /* CacheFeedUseCaseTests.swift */ = {isa = PBXFileReference; lastKnownFileType = sourcecode.swift; path = CacheFeedUseCaseTests.swift; sourceTree = "<group>"; };
		9C60BF1F2A7EE6710022B675 /* URLSessionHTTPClientTests.swift */ = {isa = PBXFileReference; lastKnownFileType = sourcecode.swift; path = URLSessionHTTPClientTests.swift; sourceTree = "<group>"; };
		9CC3F1A92A72F6100034E05B /* EssentialFeed.framework */ = {isa = PBXFileReference; explicitFileType = wrapper.framework; includeInIndex = 0; path = EssentialFeed.framework; sourceTree = BUILT_PRODUCTS_DIR; };
		9CC3F1AC2A72F6100034E05B /* EssentialFeed.h */ = {isa = PBXFileReference; lastKnownFileType = sourcecode.c.h; path = EssentialFeed.h; sourceTree = "<group>"; };
		9CC3F1B32A72F62F0034E05B /* FeedItem.swift */ = {isa = PBXFileReference; lastKnownFileType = sourcecode.swift; path = FeedItem.swift; sourceTree = "<group>"; };
		9CC3F1B52A72F6C30034E05B /* FeedLoader.swift */ = {isa = PBXFileReference; lastKnownFileType = sourcecode.swift; path = FeedLoader.swift; sourceTree = "<group>"; };
		9CC3F1BC2A72F85F0034E05B /* EssentialFeedTests.xctest */ = {isa = PBXFileReference; explicitFileType = wrapper.cfbundle; includeInIndex = 0; path = EssentialFeedTests.xctest; sourceTree = BUILT_PRODUCTS_DIR; };
		9CC3F1BE2A72F85F0034E05B /* LoadFeedFromRemoteUseCaseTests.swift */ = {isa = PBXFileReference; lastKnownFileType = sourcecode.swift; path = LoadFeedFromRemoteUseCaseTests.swift; sourceTree = "<group>"; };
		9CD34DB22A8006740004E617 /* XCTestCase+MemoryLeakTracking.swift */ = {isa = PBXFileReference; lastKnownFileType = sourcecode.swift; path = "XCTestCase+MemoryLeakTracking.swift"; sourceTree = "<group>"; };
		9CD34DB42A801CC30004E617 /* URLSessionHTTPClient.swift */ = {isa = PBXFileReference; lastKnownFileType = sourcecode.swift; path = URLSessionHTTPClient.swift; sourceTree = "<group>"; };
/* End PBXFileReference section */

/* Begin PBXFrameworksBuildPhase section */
		9C5257EF2A81CC3B00E38017 /* Frameworks */ = {
			isa = PBXFrameworksBuildPhase;
			buildActionMask = 2147483647;
			files = (
				9C5257F62A81CC3B00E38017 /* EssentialFeed.framework in Frameworks */,
			);
			runOnlyForDeploymentPostprocessing = 0;
		};
		9CC3F1A62A72F6100034E05B /* Frameworks */ = {
			isa = PBXFrameworksBuildPhase;
			buildActionMask = 2147483647;
			files = (
			);
			runOnlyForDeploymentPostprocessing = 0;
		};
		9CC3F1B92A72F85F0034E05B /* Frameworks */ = {
			isa = PBXFrameworksBuildPhase;
			buildActionMask = 2147483647;
			files = (
				9CC3F1C02A72F85F0034E05B /* EssentialFeed.framework in Frameworks */,
			);
			runOnlyForDeploymentPostprocessing = 0;
		};
/* End PBXFrameworksBuildPhase section */

/* Begin PBXGroup section */
		9C49DDB02A7D75490029CE22 /* FeedAPI */ = {
			isa = PBXGroup;
			children = (
				9CC3F1BE2A72F85F0034E05B /* LoadFeedFromRemoteUseCaseTests.swift */,
				9C60BF1F2A7EE6710022B675 /* URLSessionHTTPClientTests.swift */,
			);
			path = FeedAPI;
			sourceTree = "<group>";
		};
		9C4CC6DB2A85CE67007696DF /* FeedCache */ = {
			isa = PBXGroup;
			children = (
				9C4CC6DC2A85CE78007696DF /* LocalFeedLoader.swift */,
				9C4CC6DE2A85CF4F007696DF /* FeedStore.swift */,
			);
			path = FeedCache;
			sourceTree = "<group>";
		};
		9C51A5062A7AC8AC00EA741C /* FeedAPI */ = {
			isa = PBXGroup;
			children = (
				9C51A5072A7AC8D200EA741C /* RemoteFeedLoader.swift */,
				9C4571B22A87EA15003C641A /* RemoteFeedItem.swift */,
				9C49DDAE2A7D597A0029CE22 /* FeedItemsMapper.swift */,
				9C49DDAC2A7D59160029CE22 /* HTTPClient.swift */,
				9CD34DB42A801CC30004E617 /* URLSessionHTTPClient.swift */,
			);
			path = FeedAPI;
			sourceTree = "<group>";
		};
		9C5257F32A81CC3B00E38017 /* EssentialFeedAPIEndToEndTests */ = {
			isa = PBXGroup;
			children = (
				9C5257FC2A81CE5B00E38017 /* EssentialFeedAPIEndToEndTestPlan.xctestplan */,
				9C5257F42A81CC3B00E38017 /* EssentialFeedAPIEndToEndTests.swift */,
			);
			path = EssentialFeedAPIEndToEndTests;
			sourceTree = "<group>";
		};
		9C5257FF2A81DC1300E38017 /* CI */ = {
			isa = PBXGroup;
			children = (
				9C5257FE2A81DBF700E38017 /* CIPlan.xctestplan */,
			);
			path = CI;
			sourceTree = "<group>";
		};
		9C5405672A849B0B00F13819 /* FeedCache */ = {
			isa = PBXGroup;
			children = (
				9C5405682A849B2900F13819 /* CacheFeedUseCaseTests.swift */,
			);
			path = FeedCache;
			sourceTree = "<group>";
		};
		9CC3F19F2A72F6100034E05B = {
			isa = PBXGroup;
			children = (
				9CC3F1AB2A72F6100034E05B /* EssentialFeed */,
				9CC3F1BD2A72F85F0034E05B /* EssentialFeedTests */,
				9C5257F32A81CC3B00E38017 /* EssentialFeedAPIEndToEndTests */,
				9C5257FF2A81DC1300E38017 /* CI */,
				9CC3F1AA2A72F6100034E05B /* Products */,
			);
			sourceTree = "<group>";
		};
		9CC3F1AA2A72F6100034E05B /* Products */ = {
			isa = PBXGroup;
			children = (
				9CC3F1A92A72F6100034E05B /* EssentialFeed.framework */,
				9CC3F1BC2A72F85F0034E05B /* EssentialFeedTests.xctest */,
				9C5257F22A81CC3B00E38017 /* EssentialFeedAPIEndToEndTests.xctest */,
			);
			name = Products;
			sourceTree = "<group>";
		};
		9CC3F1AB2A72F6100034E05B /* EssentialFeed */ = {
			isa = PBXGroup;
			children = (
				9C4CC6DB2A85CE67007696DF /* FeedCache */,
				9C51A5062A7AC8AC00EA741C /* FeedAPI */,
				9CC3F1AC2A72F6100034E05B /* EssentialFeed.h */,
				9CC3F1B72A72F7B50034E05B /* FeedFeature */,
			);
			path = EssentialFeed;
			sourceTree = "<group>";
		};
		9CC3F1B72A72F7B50034E05B /* FeedFeature */ = {
			isa = PBXGroup;
			children = (
				9CC3F1B32A72F62F0034E05B /* FeedItem.swift */,
				9CC3F1B52A72F6C30034E05B /* FeedLoader.swift */,
			);
			path = FeedFeature;
			sourceTree = "<group>";
		};
		9CC3F1BD2A72F85F0034E05B /* EssentialFeedTests */ = {
			isa = PBXGroup;
			children = (
				9C5405672A849B0B00F13819 /* FeedCache */,
				9C5257ED2A81CA7200E38017 /* EssentialFeedTestPlan.xctestplan */,
				9CD34DB12A8006330004E617 /* Helpers */,
				9C49DDB02A7D75490029CE22 /* FeedAPI */,
			);
			path = EssentialFeedTests;
			sourceTree = "<group>";
		};
		9CD34DB12A8006330004E617 /* Helpers */ = {
			isa = PBXGroup;
			children = (
				9CD34DB22A8006740004E617 /* XCTestCase+MemoryLeakTracking.swift */,
			);
			path = Helpers;
			sourceTree = "<group>";
		};
/* End PBXGroup section */

/* Begin PBXHeadersBuildPhase section */
		9CC3F1A42A72F6100034E05B /* Headers */ = {
			isa = PBXHeadersBuildPhase;
			buildActionMask = 2147483647;
			files = (
				9CC3F1AD2A72F6100034E05B /* EssentialFeed.h in Headers */,
			);
			runOnlyForDeploymentPostprocessing = 0;
		};
/* End PBXHeadersBuildPhase section */

/* Begin PBXNativeTarget section */
		9C5257F12A81CC3B00E38017 /* EssentialFeedAPIEndToEndTests */ = {
			isa = PBXNativeTarget;
			buildConfigurationList = 9C5257F92A81CC3B00E38017 /* Build configuration list for PBXNativeTarget "EssentialFeedAPIEndToEndTests" */;
			buildPhases = (
				9C5257EE2A81CC3B00E38017 /* Sources */,
				9C5257EF2A81CC3B00E38017 /* Frameworks */,
				9C5257F02A81CC3B00E38017 /* Resources */,
			);
			buildRules = (
			);
			dependencies = (
				9C5257F82A81CC3B00E38017 /* PBXTargetDependency */,
			);
			name = EssentialFeedAPIEndToEndTests;
			productName = EssentialFeedAPIEndToEndTests;
			productReference = 9C5257F22A81CC3B00E38017 /* EssentialFeedAPIEndToEndTests.xctest */;
			productType = "com.apple.product-type.bundle.unit-test";
		};
		9CC3F1A82A72F6100034E05B /* EssentialFeed */ = {
			isa = PBXNativeTarget;
			buildConfigurationList = 9CC3F1B02A72F6100034E05B /* Build configuration list for PBXNativeTarget "EssentialFeed" */;
			buildPhases = (
				9CC3F1A42A72F6100034E05B /* Headers */,
				9CC3F1A52A72F6100034E05B /* Sources */,
				9CC3F1A62A72F6100034E05B /* Frameworks */,
				9CC3F1A72A72F6100034E05B /* Resources */,
			);
			buildRules = (
			);
			dependencies = (
			);
			name = EssentialFeed;
			productName = EssentialFeed;
			productReference = 9CC3F1A92A72F6100034E05B /* EssentialFeed.framework */;
			productType = "com.apple.product-type.framework";
		};
		9CC3F1BB2A72F85F0034E05B /* EssentialFeedTests */ = {
			isa = PBXNativeTarget;
			buildConfigurationList = 9CC3F1C32A72F85F0034E05B /* Build configuration list for PBXNativeTarget "EssentialFeedTests" */;
			buildPhases = (
				9CC3F1B82A72F85F0034E05B /* Sources */,
				9CC3F1B92A72F85F0034E05B /* Frameworks */,
				9CC3F1BA2A72F85F0034E05B /* Resources */,
			);
			buildRules = (
			);
			dependencies = (
				9CC3F1C22A72F85F0034E05B /* PBXTargetDependency */,
			);
			name = EssentialFeedTests;
			productName = EssentialFeedTests;
			productReference = 9CC3F1BC2A72F85F0034E05B /* EssentialFeedTests.xctest */;
			productType = "com.apple.product-type.bundle.unit-test";
		};
/* End PBXNativeTarget section */

/* Begin PBXProject section */
		9CC3F1A02A72F6100034E05B /* Project object */ = {
			isa = PBXProject;
			attributes = {
				BuildIndependentTargetsInParallel = 1;
				LastSwiftUpdateCheck = 1500;
				LastUpgradeCheck = 1500;
				TargetAttributes = {
					9C5257F12A81CC3B00E38017 = {
						CreatedOnToolsVersion = 15.0;
					};
					9CC3F1A82A72F6100034E05B = {
						CreatedOnToolsVersion = 15.0;
						LastSwiftMigration = 1500;
					};
					9CC3F1BB2A72F85F0034E05B = {
						CreatedOnToolsVersion = 15.0;
					};
				};
			};
			buildConfigurationList = 9CC3F1A32A72F6100034E05B /* Build configuration list for PBXProject "EssentialFeed" */;
			compatibilityVersion = "Xcode 14.0";
			developmentRegion = en;
			hasScannedForEncodings = 0;
			knownRegions = (
				en,
				Base,
			);
			mainGroup = 9CC3F19F2A72F6100034E05B;
			productRefGroup = 9CC3F1AA2A72F6100034E05B /* Products */;
			projectDirPath = "";
			projectRoot = "";
			targets = (
				9CC3F1A82A72F6100034E05B /* EssentialFeed */,
				9CC3F1BB2A72F85F0034E05B /* EssentialFeedTests */,
				9C5257F12A81CC3B00E38017 /* EssentialFeedAPIEndToEndTests */,
			);
		};
/* End PBXProject section */

/* Begin PBXResourcesBuildPhase section */
		9C5257F02A81CC3B00E38017 /* Resources */ = {
			isa = PBXResourcesBuildPhase;
			buildActionMask = 2147483647;
			files = (
			);
			runOnlyForDeploymentPostprocessing = 0;
		};
		9CC3F1A72A72F6100034E05B /* Resources */ = {
			isa = PBXResourcesBuildPhase;
			buildActionMask = 2147483647;
			files = (
			);
			runOnlyForDeploymentPostprocessing = 0;
		};
		9CC3F1BA2A72F85F0034E05B /* Resources */ = {
			isa = PBXResourcesBuildPhase;
			buildActionMask = 2147483647;
			files = (
			);
			runOnlyForDeploymentPostprocessing = 0;
		};
/* End PBXResourcesBuildPhase section */

/* Begin PBXSourcesBuildPhase section */
		9C5257EE2A81CC3B00E38017 /* Sources */ = {
			isa = PBXSourcesBuildPhase;
			buildActionMask = 2147483647;
			files = (
				9C5257F52A81CC3B00E38017 /* EssentialFeedAPIEndToEndTests.swift in Sources */,
				9C5257FD2A81D8AC00E38017 /* XCTestCase+MemoryLeakTracking.swift in Sources */,
			);
			runOnlyForDeploymentPostprocessing = 0;
		};
		9CC3F1A52A72F6100034E05B /* Sources */ = {
			isa = PBXSourcesBuildPhase;
			buildActionMask = 2147483647;
			files = (
				9C49DDAF2A7D597A0029CE22 /* FeedItemsMapper.swift in Sources */,
				9CC3F1B62A72F6C30034E05B /* FeedLoader.swift in Sources */,
				9C4571B32A87EA15003C641A /* RemoteFeedItem.swift in Sources */,
				9C51A5082A7AC8D200EA741C /* RemoteFeedLoader.swift in Sources */,
				9C4CC6DF2A85CF4F007696DF /* FeedStore.swift in Sources */,
				9C4CC6DD2A85CE78007696DF /* LocalFeedLoader.swift in Sources */,
				9C49DDAD2A7D59160029CE22 /* HTTPClient.swift in Sources */,
				9CC3F1B42A72F62F0034E05B /* FeedItem.swift in Sources */,
				9CD34DB52A801CC30004E617 /* URLSessionHTTPClient.swift in Sources */,
			);
			runOnlyForDeploymentPostprocessing = 0;
		};
		9CC3F1B82A72F85F0034E05B /* Sources */ = {
			isa = PBXSourcesBuildPhase;
			buildActionMask = 2147483647;
			files = (
				9C5405692A849B2900F13819 /* CacheFeedUseCaseTests.swift in Sources */,
				9CC3F1BF2A72F85F0034E05B /* LoadFeedFromRemoteUseCaseTests.swift in Sources */,
				9CD34DB32A8006740004E617 /* XCTestCase+MemoryLeakTracking.swift in Sources */,
				9C60BF202A7EE6710022B675 /* URLSessionHTTPClientTests.swift in Sources */,
			);
			runOnlyForDeploymentPostprocessing = 0;
		};
/* End PBXSourcesBuildPhase section */

/* Begin PBXTargetDependency section */
		9C5257F82A81CC3B00E38017 /* PBXTargetDependency */ = {
			isa = PBXTargetDependency;
			target = 9CC3F1A82A72F6100034E05B /* EssentialFeed */;
			targetProxy = 9C5257F72A81CC3B00E38017 /* PBXContainerItemProxy */;
		};
		9CC3F1C22A72F85F0034E05B /* PBXTargetDependency */ = {
			isa = PBXTargetDependency;
			target = 9CC3F1A82A72F6100034E05B /* EssentialFeed */;
			targetProxy = 9CC3F1C12A72F85F0034E05B /* PBXContainerItemProxy */;
		};
/* End PBXTargetDependency section */

/* Begin XCBuildConfiguration section */
		9C5257FA2A81CC3B00E38017 /* Debug */ = {
			isa = XCBuildConfiguration;
			buildSettings = {
				CODE_SIGN_STYLE = Automatic;
				CURRENT_PROJECT_VERSION = 1;
				DEVELOPMENT_TEAM = FVH6V77N95;
				GENERATE_INFOPLIST_FILE = YES;
				MARKETING_VERSION = 1.0;
				PRODUCT_BUNDLE_IDENTIFIER = com.cesmejia.EssentialFeedAPIEndToEndTests;
				PRODUCT_NAME = "$(TARGET_NAME)";
				SWIFT_EMIT_LOC_STRINGS = NO;
				SWIFT_VERSION = 5.0;
			};
			name = Debug;
		};
		9C5257FB2A81CC3B00E38017 /* Release */ = {
			isa = XCBuildConfiguration;
			buildSettings = {
				CODE_SIGN_STYLE = Automatic;
				CURRENT_PROJECT_VERSION = 1;
				DEVELOPMENT_TEAM = FVH6V77N95;
				GENERATE_INFOPLIST_FILE = YES;
				MARKETING_VERSION = 1.0;
				PRODUCT_BUNDLE_IDENTIFIER = com.cesmejia.EssentialFeedAPIEndToEndTests;
				PRODUCT_NAME = "$(TARGET_NAME)";
				SWIFT_EMIT_LOC_STRINGS = NO;
				SWIFT_VERSION = 5.0;
			};
			name = Release;
		};
		9CC3F1AE2A72F6100034E05B /* Debug */ = {
			isa = XCBuildConfiguration;
			buildSettings = {
				ALWAYS_SEARCH_USER_PATHS = NO;
				ASSETCATALOG_COMPILER_GENERATE_SWIFT_ASSET_SYMBOL_EXTENSIONS = YES;
				CLANG_ANALYZER_NONNULL = YES;
				CLANG_ANALYZER_NUMBER_OBJECT_CONVERSION = YES_AGGRESSIVE;
				CLANG_CXX_LANGUAGE_STANDARD = "gnu++20";
				CLANG_ENABLE_MODULES = YES;
				CLANG_ENABLE_OBJC_ARC = YES;
				CLANG_ENABLE_OBJC_WEAK = YES;
				CLANG_WARN_BLOCK_CAPTURE_AUTORELEASING = YES;
				CLANG_WARN_BOOL_CONVERSION = YES;
				CLANG_WARN_COMMA = YES;
				CLANG_WARN_CONSTANT_CONVERSION = YES;
				CLANG_WARN_DEPRECATED_OBJC_IMPLEMENTATIONS = YES;
				CLANG_WARN_DIRECT_OBJC_ISA_USAGE = YES_ERROR;
				CLANG_WARN_DOCUMENTATION_COMMENTS = YES;
				CLANG_WARN_EMPTY_BODY = YES;
				CLANG_WARN_ENUM_CONVERSION = YES;
				CLANG_WARN_INFINITE_RECURSION = YES;
				CLANG_WARN_INT_CONVERSION = YES;
				CLANG_WARN_NON_LITERAL_NULL_CONVERSION = YES;
				CLANG_WARN_OBJC_IMPLICIT_RETAIN_SELF = YES;
				CLANG_WARN_OBJC_LITERAL_CONVERSION = YES;
				CLANG_WARN_OBJC_ROOT_CLASS = YES_ERROR;
				CLANG_WARN_QUOTED_INCLUDE_IN_FRAMEWORK_HEADER = YES;
				CLANG_WARN_RANGE_LOOP_ANALYSIS = YES;
				CLANG_WARN_STRICT_PROTOTYPES = YES;
				CLANG_WARN_SUSPICIOUS_MOVE = YES;
				CLANG_WARN_UNGUARDED_AVAILABILITY = YES_AGGRESSIVE;
				CLANG_WARN_UNREACHABLE_CODE = YES;
				CLANG_WARN__DUPLICATE_METHOD_MATCH = YES;
				COPY_PHASE_STRIP = NO;
				CURRENT_PROJECT_VERSION = 1;
				DEBUG_INFORMATION_FORMAT = dwarf;
				ENABLE_STRICT_OBJC_MSGSEND = YES;
				ENABLE_TESTABILITY = YES;
				ENABLE_USER_SCRIPT_SANDBOXING = YES;
				GCC_C_LANGUAGE_STANDARD = gnu17;
				GCC_DYNAMIC_NO_PIC = NO;
				GCC_NO_COMMON_BLOCKS = YES;
				GCC_OPTIMIZATION_LEVEL = 0;
				GCC_PREPROCESSOR_DEFINITIONS = (
					"DEBUG=1",
					"$(inherited)",
				);
				GCC_WARN_64_TO_32_BIT_CONVERSION = YES;
				GCC_WARN_ABOUT_RETURN_TYPE = YES_ERROR;
				GCC_WARN_UNDECLARED_SELECTOR = YES;
				GCC_WARN_UNINITIALIZED_AUTOS = YES_AGGRESSIVE;
				GCC_WARN_UNUSED_FUNCTION = YES;
				GCC_WARN_UNUSED_VARIABLE = YES;
				LOCALIZATION_PREFERS_STRING_CATALOGS = YES;
				MACOSX_DEPLOYMENT_TARGET = 13.4;
				MTL_ENABLE_DEBUG_INFO = INCLUDE_SOURCE;
				MTL_FAST_MATH = YES;
				ONLY_ACTIVE_ARCH = YES;
				SDKROOT = macosx;
				SWIFT_ACTIVE_COMPILATION_CONDITIONS = "DEBUG $(inherited)";
				SWIFT_OPTIMIZATION_LEVEL = "-Onone";
				VERSIONING_SYSTEM = "apple-generic";
				VERSION_INFO_PREFIX = "";
			};
			name = Debug;
		};
		9CC3F1AF2A72F6100034E05B /* Release */ = {
			isa = XCBuildConfiguration;
			buildSettings = {
				ALWAYS_SEARCH_USER_PATHS = NO;
				ASSETCATALOG_COMPILER_GENERATE_SWIFT_ASSET_SYMBOL_EXTENSIONS = YES;
				CLANG_ANALYZER_NONNULL = YES;
				CLANG_ANALYZER_NUMBER_OBJECT_CONVERSION = YES_AGGRESSIVE;
				CLANG_CXX_LANGUAGE_STANDARD = "gnu++20";
				CLANG_ENABLE_MODULES = YES;
				CLANG_ENABLE_OBJC_ARC = YES;
				CLANG_ENABLE_OBJC_WEAK = YES;
				CLANG_WARN_BLOCK_CAPTURE_AUTORELEASING = YES;
				CLANG_WARN_BOOL_CONVERSION = YES;
				CLANG_WARN_COMMA = YES;
				CLANG_WARN_CONSTANT_CONVERSION = YES;
				CLANG_WARN_DEPRECATED_OBJC_IMPLEMENTATIONS = YES;
				CLANG_WARN_DIRECT_OBJC_ISA_USAGE = YES_ERROR;
				CLANG_WARN_DOCUMENTATION_COMMENTS = YES;
				CLANG_WARN_EMPTY_BODY = YES;
				CLANG_WARN_ENUM_CONVERSION = YES;
				CLANG_WARN_INFINITE_RECURSION = YES;
				CLANG_WARN_INT_CONVERSION = YES;
				CLANG_WARN_NON_LITERAL_NULL_CONVERSION = YES;
				CLANG_WARN_OBJC_IMPLICIT_RETAIN_SELF = YES;
				CLANG_WARN_OBJC_LITERAL_CONVERSION = YES;
				CLANG_WARN_OBJC_ROOT_CLASS = YES_ERROR;
				CLANG_WARN_QUOTED_INCLUDE_IN_FRAMEWORK_HEADER = YES;
				CLANG_WARN_RANGE_LOOP_ANALYSIS = YES;
				CLANG_WARN_STRICT_PROTOTYPES = YES;
				CLANG_WARN_SUSPICIOUS_MOVE = YES;
				CLANG_WARN_UNGUARDED_AVAILABILITY = YES_AGGRESSIVE;
				CLANG_WARN_UNREACHABLE_CODE = YES;
				CLANG_WARN__DUPLICATE_METHOD_MATCH = YES;
				COPY_PHASE_STRIP = NO;
				CURRENT_PROJECT_VERSION = 1;
				DEBUG_INFORMATION_FORMAT = "dwarf-with-dsym";
				ENABLE_NS_ASSERTIONS = NO;
				ENABLE_STRICT_OBJC_MSGSEND = YES;
				ENABLE_USER_SCRIPT_SANDBOXING = YES;
				GCC_C_LANGUAGE_STANDARD = gnu17;
				GCC_NO_COMMON_BLOCKS = YES;
				GCC_WARN_64_TO_32_BIT_CONVERSION = YES;
				GCC_WARN_ABOUT_RETURN_TYPE = YES_ERROR;
				GCC_WARN_UNDECLARED_SELECTOR = YES;
				GCC_WARN_UNINITIALIZED_AUTOS = YES_AGGRESSIVE;
				GCC_WARN_UNUSED_FUNCTION = YES;
				GCC_WARN_UNUSED_VARIABLE = YES;
				LOCALIZATION_PREFERS_STRING_CATALOGS = YES;
				MACOSX_DEPLOYMENT_TARGET = 13.4;
				MTL_ENABLE_DEBUG_INFO = NO;
				MTL_FAST_MATH = YES;
				SDKROOT = macosx;
				SWIFT_COMPILATION_MODE = wholemodule;
				VERSIONING_SYSTEM = "apple-generic";
				VERSION_INFO_PREFIX = "";
			};
			name = Release;
		};
		9CC3F1B12A72F6100034E05B /* Debug */ = {
			isa = XCBuildConfiguration;
			buildSettings = {
				CLANG_ENABLE_MODULES = YES;
				CODE_SIGN_STYLE = Automatic;
				COMBINE_HIDPI_IMAGES = YES;
				CURRENT_PROJECT_VERSION = 1;
				DEFINES_MODULE = YES;
				DEVELOPMENT_TEAM = FVH6V77N95;
				DYLIB_COMPATIBILITY_VERSION = 1;
				DYLIB_CURRENT_VERSION = 1;
				DYLIB_INSTALL_NAME_BASE = "@rpath";
				ENABLE_MODULE_VERIFIER = YES;
				GENERATE_INFOPLIST_FILE = YES;
				INFOPLIST_KEY_NSHumanReadableCopyright = "";
				INSTALL_PATH = "$(LOCAL_LIBRARY_DIR)/Frameworks";
				LD_RUNPATH_SEARCH_PATHS = (
					"$(inherited)",
					"@executable_path/../Frameworks",
					"@loader_path/Frameworks",
				);
				MARKETING_VERSION = 1.0;
				MODULE_VERIFIER_SUPPORTED_LANGUAGES = "objective-c objective-c++";
				MODULE_VERIFIER_SUPPORTED_LANGUAGE_STANDARDS = "gnu17 gnu++20";
				PRODUCT_BUNDLE_IDENTIFIER = com.cesmejia.EssentialFeed;
				PRODUCT_NAME = "$(TARGET_NAME:c99extidentifier)";
				SKIP_INSTALL = YES;
				SWIFT_EMIT_LOC_STRINGS = YES;
				SWIFT_OPTIMIZATION_LEVEL = "-Onone";
				SWIFT_VERSION = 5.0;
			};
			name = Debug;
		};
		9CC3F1B22A72F6100034E05B /* Release */ = {
			isa = XCBuildConfiguration;
			buildSettings = {
				CLANG_ENABLE_MODULES = YES;
				CODE_SIGN_STYLE = Automatic;
				COMBINE_HIDPI_IMAGES = YES;
				CURRENT_PROJECT_VERSION = 1;
				DEFINES_MODULE = YES;
				DEVELOPMENT_TEAM = FVH6V77N95;
				DYLIB_COMPATIBILITY_VERSION = 1;
				DYLIB_CURRENT_VERSION = 1;
				DYLIB_INSTALL_NAME_BASE = "@rpath";
				ENABLE_MODULE_VERIFIER = YES;
				GENERATE_INFOPLIST_FILE = YES;
				INFOPLIST_KEY_NSHumanReadableCopyright = "";
				INSTALL_PATH = "$(LOCAL_LIBRARY_DIR)/Frameworks";
				LD_RUNPATH_SEARCH_PATHS = (
					"$(inherited)",
					"@executable_path/../Frameworks",
					"@loader_path/Frameworks",
				);
				MARKETING_VERSION = 1.0;
				MODULE_VERIFIER_SUPPORTED_LANGUAGES = "objective-c objective-c++";
				MODULE_VERIFIER_SUPPORTED_LANGUAGE_STANDARDS = "gnu17 gnu++20";
				PRODUCT_BUNDLE_IDENTIFIER = com.cesmejia.EssentialFeed;
				PRODUCT_NAME = "$(TARGET_NAME:c99extidentifier)";
				SKIP_INSTALL = YES;
				SWIFT_EMIT_LOC_STRINGS = YES;
				SWIFT_VERSION = 5.0;
			};
			name = Release;
		};
		9CC3F1C42A72F85F0034E05B /* Debug */ = {
			isa = XCBuildConfiguration;
			buildSettings = {
				CODE_SIGN_STYLE = Automatic;
				CURRENT_PROJECT_VERSION = 1;
				DEVELOPMENT_TEAM = FVH6V77N95;
				GENERATE_INFOPLIST_FILE = YES;
				MARKETING_VERSION = 1.0;
				PRODUCT_BUNDLE_IDENTIFIER = com.cesmejia.EssentialFeedTests;
				PRODUCT_NAME = "$(TARGET_NAME)";
				SWIFT_EMIT_LOC_STRINGS = NO;
				SWIFT_VERSION = 5.0;
			};
			name = Debug;
		};
		9CC3F1C52A72F85F0034E05B /* Release */ = {
			isa = XCBuildConfiguration;
			buildSettings = {
				CODE_SIGN_STYLE = Automatic;
				CURRENT_PROJECT_VERSION = 1;
				DEVELOPMENT_TEAM = FVH6V77N95;
				GENERATE_INFOPLIST_FILE = YES;
				MARKETING_VERSION = 1.0;
				PRODUCT_BUNDLE_IDENTIFIER = com.cesmejia.EssentialFeedTests;
				PRODUCT_NAME = "$(TARGET_NAME)";
				SWIFT_EMIT_LOC_STRINGS = NO;
				SWIFT_VERSION = 5.0;
			};
			name = Release;
		};
/* End XCBuildConfiguration section */

/* Begin XCConfigurationList section */
		9C5257F92A81CC3B00E38017 /* Build configuration list for PBXNativeTarget "EssentialFeedAPIEndToEndTests" */ = {
			isa = XCConfigurationList;
			buildConfigurations = (
				9C5257FA2A81CC3B00E38017 /* Debug */,
				9C5257FB2A81CC3B00E38017 /* Release */,
			);
			defaultConfigurationIsVisible = 0;
			defaultConfigurationName = Release;
		};
		9CC3F1A32A72F6100034E05B /* Build configuration list for PBXProject "EssentialFeed" */ = {
			isa = XCConfigurationList;
			buildConfigurations = (
				9CC3F1AE2A72F6100034E05B /* Debug */,
				9CC3F1AF2A72F6100034E05B /* Release */,
			);
			defaultConfigurationIsVisible = 0;
			defaultConfigurationName = Release;
		};
		9CC3F1B02A72F6100034E05B /* Build configuration list for PBXNativeTarget "EssentialFeed" */ = {
			isa = XCConfigurationList;
			buildConfigurations = (
				9CC3F1B12A72F6100034E05B /* Debug */,
				9CC3F1B22A72F6100034E05B /* Release */,
			);
			defaultConfigurationIsVisible = 0;
			defaultConfigurationName = Release;
		};
		9CC3F1C32A72F85F0034E05B /* Build configuration list for PBXNativeTarget "EssentialFeedTests" */ = {
			isa = XCConfigurationList;
			buildConfigurations = (
				9CC3F1C42A72F85F0034E05B /* Debug */,
				9CC3F1C52A72F85F0034E05B /* Release */,
			);
			defaultConfigurationIsVisible = 0;
			defaultConfigurationName = Release;
		};
/* End XCConfigurationList section */
	};
	rootObject = 9CC3F1A02A72F6100034E05B /* Project object */;
}
